
Microsoft Visual Studio Solution File, Format Version 12.00
# Visual Studio Version 16
VisualStudioVersion = 16.0.29519.87
MinimumVisualStudioVersion = 10.0.40219.1
Project("{FAE04EC0-301F-11D3-BF4B-00C04F79EFBC}") = "HomeDomotics.Android", "HomeDomotics\HomeDomotics.Android\HomeDomotics.Android.csproj", "{0ACAC424-8188-4C0B-99ED-C3A840EA0E51}"
EndProject
Project("{FAE04EC0-301F-11D3-BF4B-00C04F79EFBC}") = "HomeDomotics.iOS", "HomeDomotics\HomeDomotics.iOS\HomeDomotics.iOS.csproj", "{109675BB-F3F5-4BD5-AE6E-18AE7A2E98A2}"
EndProject
Project("{FAE04EC0-301F-11D3-BF4B-00C04F79EFBC}") = "HomeDomotics", "HomeDomotics\HomeDomotics\HomeDomotics.csproj", "{F66A95E5-7B1D-4A5E-8D47-B281BA3BCFC0}"
EndProject
Global
	GlobalSection(SolutionConfigurationPlatforms) = preSolution
		Debug|Any CPU = Debug|Any CPU
		Debug|iPhone = Debug|iPhone
		Debug|iPhoneSimulator = Debug|iPhoneSimulator
		Release|Any CPU = Release|Any CPU
		Release|iPhone = Release|iPhone
		Release|iPhoneSimulator = Release|iPhoneSimulator
	EndGlobalSection
	GlobalSection(ProjectConfigurationPlatforms) = postSolution
		{0ACAC424-8188-4C0B-99ED-C3A840EA0E51}.Debug|Any CPU.ActiveCfg = Debug|Any CPU
		{0ACAC424-8188-4C0B-99ED-C3A840EA0E51}.Debug|Any CPU.Build.0 = Debug|Any CPU
		{0ACAC424-8188-4C0B-99ED-C3A840EA0E51}.Debug|Any CPU.Deploy.0 = Debug|Any CPU
		{0ACAC424-8188-4C0B-99ED-C3A840EA0E51}.Debug|iPhone.ActiveCfg = Debug|Any CPU
		{0ACAC424-8188-4C0B-99ED-C3A840EA0E51}.Debug|iPhone.Build.0 = Debug|Any CPU
		{0ACAC424-8188-4C0B-99ED-C3A840EA0E51}.Debug|iPhone.Deploy.0 = Debug|Any CPU
		{0ACAC424-8188-4C0B-99ED-C3A840EA0E51}.Debug|iPhoneSimulator.ActiveCfg = Debug|Any CPU
		{0ACAC424-8188-4C0B-99ED-C3A840EA0E51}.Debug|iPhoneSimulator.Build.0 = Debug|Any CPU
		{0ACAC424-8188-4C0B-99ED-C3A840EA0E51}.Debug|iPhoneSimulator.Deploy.0 = Debug|Any CPU
		{0ACAC424-8188-4C0B-99ED-C3A840EA0E51}.Release|Any CPU.ActiveCfg = Release|Any CPU
		{0ACAC424-8188-4C0B-99ED-C3A840EA0E51}.Release|Any CPU.Build.0 = Release|Any CPU
		{0ACAC424-8188-4C0B-99ED-C3A840EA0E51}.Release|Any CPU.Deploy.0 = Release|Any CPU
		{0ACAC424-8188-4C0B-99ED-C3A840EA0E51}.Release|iPhone.ActiveCfg = Release|Any CPU
		{0ACAC424-8188-4C0B-99ED-C3A840EA0E51}.Release|iPhone.Build.0 = Release|Any CPU
		{0ACAC424-8188-4C0B-99ED-C3A840EA0E51}.Release|iPhone.Deploy.0 = Release|Any CPU
		{0ACAC424-8188-4C0B-99ED-C3A840EA0E51}.Release|iPhoneSimulator.ActiveCfg = Release|Any CPU
		{0ACAC424-8188-4C0B-99ED-C3A840EA0E51}.Release|iPhoneSimulator.Build.0 = Release|Any CPU
		{0ACAC424-8188-4C0B-99ED-C3A840EA0E51}.Release|iPhoneSimulator.Deploy.0 = Release|Any CPU
		{109675BB-F3F5-4BD5-AE6E-18AE7A2E98A2}.Debug|Any CPU.ActiveCfg = Debug|iPhoneSimulator
		{109675BB-F3F5-4BD5-AE6E-18AE7A2E98A2}.Debug|Any CPU.Build.0 = Debug|iPhoneSimulator
		{109675BB-F3F5-4BD5-AE6E-18AE7A2E98A2}.Debug|Any CPU.Deploy.0 = Debug|iPhoneSimulator
		{109675BB-F3F5-4BD5-AE6E-18AE7A2E98A2}.Debug|iPhone.ActiveCfg = Debug|iPhone
		{109675BB-F3F5-4BD5-AE6E-18AE7A2E98A2}.Debug|iPhone.Build.0 = Debug|iPhone
		{109675BB-F3F5-4BD5-AE6E-18AE7A2E98A2}.Debug|iPhone.Deploy.0 = Debug|iPhone
		{109675BB-F3F5-4BD5-AE6E-18AE7A2E98A2}.Debug|iPhoneSimulator.ActiveCfg = Debug|iPhoneSimulator
		{109675BB-F3F5-4BD5-AE6E-18AE7A2E98A2}.Debug|iPhoneSimulator.Build.0 = Debug|iPhoneSimulator
		{109675BB-F3F5-4BD5-AE6E-18AE7A2E98A2}.Debug|iPhoneSimulator.Deploy.0 = Debug|iPhoneSimulator
		{109675BB-F3F5-4BD5-AE6E-18AE7A2E98A2}.Release|Any CPU.ActiveCfg = Release|iPhone
		{109675BB-F3F5-4BD5-AE6E-18AE7A2E98A2}.Release|Any CPU.Build.0 = Release|iPhone
		{109675BB-F3F5-4BD5-AE6E-18AE7A2E98A2}.Release|Any CPU.Deploy.0 = Release|iPhone
		{109675BB-F3F5-4BD5-AE6E-18AE7A2E98A2}.Release|iPhone.ActiveCfg = Release|iPhone
		{109675BB-F3F5-4BD5-AE6E-18AE7A2E98A2}.Release|iPhone.Build.0 = Release|iPhone
		{109675BB-F3F5-4BD5-AE6E-18AE7A2E98A2}.Release|iPhone.Deploy.0 = Release|iPhone
		{109675BB-F3F5-4BD5-AE6E-18AE7A2E98A2}.Release|iPhoneSimulator.ActiveCfg = Release|iPhoneSimulator
		{109675BB-F3F5-4BD5-AE6E-18AE7A2E98A2}.Release|iPhoneSimulator.Build.0 = Release|iPhoneSimulator
		{109675BB-F3F5-4BD5-AE6E-18AE7A2E98A2}.Release|iPhoneSimulator.Deploy.0 = Release|iPhoneSimulator
		{F66A95E5-7B1D-4A5E-8D47-B281BA3BCFC0}.Debug|Any CPU.ActiveCfg = Debug|Any CPU
		{F66A95E5-7B1D-4A5E-8D47-B281BA3BCFC0}.Debug|Any CPU.Build.0 = Debug|Any CPU
		{F66A95E5-7B1D-4A5E-8D47-B281BA3BCFC0}.Debug|Any CPU.Deploy.0 = Debug|Any CPU
		{F66A95E5-7B1D-4A5E-8D47-B281BA3BCFC0}.Debug|iPhone.ActiveCfg = Debug|Any CPU
		{F66A95E5-7B1D-4A5E-8D47-B281BA3BCFC0}.Debug|iPhone.Build.0 = Debug|Any CPU
		{F66A95E5-7B1D-4A5E-8D47-B281BA3BCFC0}.Debug|iPhone.Deploy.0 = Debug|Any CPU
		{F66A95E5-7B1D-4A5E-8D47-B281BA3BCFC0}.Debug|iPhoneSimulator.ActiveCfg = Debug|Any CPU
		{F66A95E5-7B1D-4A5E-8D47-B281BA3BCFC0}.Debug|iPhoneSimulator.Build.0 = Debug|Any CPU
		{F66A95E5-7B1D-4A5E-8D47-B281BA3BCFC0}.Debug|iPhoneSimulator.Deploy.0 = Debug|Any CPU
		{F66A95E5-7B1D-4A5E-8D47-B281BA3BCFC0}.Release|Any CPU.ActiveCfg = Release|Any CPU
		{F66A95E5-7B1D-4A5E-8D47-B281BA3BCFC0}.Release|Any CPU.Build.0 = Release|Any CPU
		{F66A95E5-7B1D-4A5E-8D47-B281BA3BCFC0}.Release|Any CPU.Deploy.0 = Release|Any CPU
		{F66A95E5-7B1D-4A5E-8D47-B281BA3BCFC0}.Release|iPhone.ActiveCfg = Release|Any CPU
		{F66A95E5-7B1D-4A5E-8D47-B281BA3BCFC0}.Release|iPhone.Build.0 = Release|Any CPU
		{F66A95E5-7B1D-4A5E-8D47-B281BA3BCFC0}.Release|iPhone.Deploy.0 = Release|Any CPU
		{F66A95E5-7B1D-4A5E-8D47-B281BA3BCFC0}.Release|iPhoneSimulator.ActiveCfg = Release|Any CPU
		{F66A95E5-7B1D-4A5E-8D47-B281BA3BCFC0}.Release|iPhoneSimulator.Build.0 = Release|Any CPU
		{F66A95E5-7B1D-4A5E-8D47-B281BA3BCFC0}.Release|iPhoneSimulator.Deploy.0 = Release|Any CPU
	EndGlobalSection
	GlobalSection(SolutionProperties) = preSolution
		HideSolutionNode = FALSE
	EndGlobalSection
	GlobalSection(ExtensibilityGlobals) = postSolution
		SolutionGuid = {17C7BAEE-26BF-4527-BDA1-8DD524BB1C22}
	EndGlobalSection
EndGlobal
